
Microsoft Visual Studio Solution File, Format Version 12.00
# Visual Studio Version 17
VisualStudioVersion = 17.9.34616.47
MinimumVisualStudioVersion = 10.0.40219.1
Project("{FAE04EC0-301F-11D3-BF4B-00C04F79EFBC}") = "OBLIG3", "OBLIG3\OBLIG3.csproj", "{70DAE2D9-F22F-4A37-8D70-B10D9D959772}"
EndProject
Global
	GlobalSection(SolutionConfigurationPlatforms) = preSolution
		Debug|Any CPU = Debug|Any CPU
		Release|Any CPU = Release|Any CPU
	EndGlobalSection
	GlobalSection(ProjectConfigurationPlatforms) = postSolution
		{70DAE2D9-F22F-4A37-8D70-B10D9D959772}.Debug|Any CPU.ActiveCfg = Debug|Any CPU
		{70DAE2D9-F22F-4A37-8D70-B10D9D959772}.Debug|Any CPU.Build.0 = Debug|Any CPU
		{70DAE2D9-F22F-4A37-8D70-B10D9D959772}.Release|Any CPU.ActiveCfg = Release|Any CPU
		{70DAE2D9-F22F-4A37-8D70-B10D9D959772}.Release|Any CPU.Build.0 = Release|Any CPU
	EndGlobalSection
	GlobalSection(SolutionProperties) = preSolution
		HideSolutionNode = FALSE
	EndGlobalSection
	GlobalSection(ExtensibilityGlobals) = postSolution
		SolutionGuid = {5A06252F-B2E9-4A66-B488-9997C0456927}
	EndGlobalSection
EndGlobal
